
Microsoft Visual Studio Solution File, Format Version 12.00
# Visual Studio Version 17
VisualStudioVersion = 17.8.34322.80
MinimumVisualStudioVersion = 10.0.40219.1
Project("{FAE04EC0-301F-11D3-BF4B-00C04F79EFBC}") = "test", "test\test.csproj", "{8701575B-CB55-4821-8C8C-439618ACD53E}"
EndProject
Global
	GlobalSection(SolutionConfigurationPlatforms) = preSolution
		Debug|Any CPU = Debug|Any CPU
		Release|Any CPU = Release|Any CPU
	EndGlobalSection
	GlobalSection(ProjectConfigurationPlatforms) = postSolution
		{8701575B-CB55-4821-8C8C-439618ACD53E}.Debug|Any CPU.ActiveCfg = Debug|Any CPU
		{8701575B-CB55-4821-8C8C-439618ACD53E}.Debug|Any CPU.Build.0 = Debug|Any CPU
		{8701575B-CB55-4821-8C8C-439618ACD53E}.Release|Any CPU.ActiveCfg = Release|Any CPU
		{8701575B-CB55-4821-8C8C-439618ACD53E}.Release|Any CPU.Build.0 = Release|Any CPU
	EndGlobalSection
	GlobalSection(SolutionProperties) = preSolution
		HideSolutionNode = FALSE
	EndGlobalSection
	GlobalSection(ExtensibilityGlobals) = postSolution
		SolutionGuid = {56F66C40-394F-4341-8A4D-C0F957E06B72}
	EndGlobalSection
EndGlobal
